{
  "version": 4,
  "terraform_version": "1.9.8",
  "serial": 1,
  "lineage": "4e47511d-c2d5-9cf4-b7a9-55a57f10e5d8",
  "outputs": {},
  "resources": [
    {
      "mode": "data",
      "type": "spotify_track",
      "name": "blackwater",
      "provider": "provider[\"registry.terraform.io/conradludgate/spotify\"]",
      "instances": [
        {
          "schema_version": 0,
          "attributes": {
            "album": "1AUS845POFhV3oDytPImEZ",
            "artists": [
              "0qPGd8tOMHlFZt8EA1uLFY"
            ],
            "id": "4lE6N1E0L8CssgKEUCgdbA",
            "name": "Blackwater",
            "spotify_id": null,
            "url": "https://open.spotify.com/track/4lE6N1E0L8CssgKEUCgdbA"
          },
          "sensitive_attributes": []
        }
      ]
    },
    {
      "mode": "data",
      "type": "spotify_track",
      "name": "overkill",
      "provider": "provider[\"registry.terraform.io/conradludgate/spotify\"]",
      "instances": [
        {
          "schema_version": 0,
          "attributes": {
            "album": "1AUS845POFhV3oDytPImEZ",
            "artists": [
              "0qPGd8tOMHlFZt8EA1uLFY"
            ],
            "id": "4XdaaDFE881SlIaz31pTAG",
            "name": "Overkill",
            "spotify_id": null,
            "url": "https://open.spotify.com/track/4XdaaDFE881SlIaz31pTAG"
          },
          "sensitive_attributes": []
        }
      ]
    },
    {
      "mode": "data",
      "type": "spotify_track",
      "name": "snowblind",
      "provider": "provider[\"registry.terraform.io/conradludgate/spotify\"]",
      "instances": [
        {
          "schema_version": 0,
          "attributes": {
            "album": "0WN6DDT0KiiTctSsKSFQDA",
            "artists": [
              "40WIa01eubnEVkxUHeDZyF",
              "7sLv4bED064cYa2XhF85og"
            ],
            "id": "7FCG2wIYG1XvGRUMACC2cD",
            "name": "Snowblind",
            "spotify_id": null,
            "url": "https://open.spotify.com/track/7FCG2wIYG1XvGRUMACC2cD"
          },
          "sensitive_attributes": []
        }
      ]
    },
    {
      "mode": "managed",
      "type": "spotify_playlist",
      "name": "Bollywood",
      "provider": "provider[\"registry.terraform.io/conradludgate/spotify\"]",
      "instances": [
        {
          "schema_version": 0,
          "attributes": {
            "description": null,
            "id": "5VIj7Q4g7w8TY6jEXOkYB9",
            "name": "Bindas bollywood",
            "public": true,
            "snapshot_id": "AAAAAnomOjXp7MJNEh8L0pPhol2IFuwC",
            "tracks": [
              "2KeUpfBTRy7RTHEdGUmOZU"
            ]
          },
          "sensitive_attributes": [],
          "private": "bnVsbA=="
        }
      ]
    }
  ],
  "check_results": null
}
